lockfileVersion: '6.0'

settings:
  autoInstallPeers: true
  excludeLinksFromLockfile: false

dependencies:
  '@lng2004/bbob-preset-html5':
    specifier: workspace:*
    version: link:../bbob-preset-html5

devDependencies:
  '@lng2004/bbob-core':
    specifier: workspace:*
    version: link:../bbob-core
